
Microsoft Visual Studio Solution File, Format Version 12.00
# Visual Studio Version 16
VisualStudioVersion = 16.0.31112.23
MinimumVisualStudioVersion = 10.0.40219.1
Project("{FAE04EC0-301F-11D3-BF4B-00C04F79EFBC}") = "Praca_domowa_cpc_1_Patrycja_Zdradzisz", "Praca_domowa_cpc_1_Patrycja_Zdradzisz\Praca_domowa_cpc_1_Patrycja_Zdradzisz.csproj", "{89B8FE51-3FD0-4C25-87BA-E0DFC888176C}"
EndProject
Global
	GlobalSection(SolutionConfigurationPlatforms) = preSolution
		Debug|Any CPU = Debug|Any CPU
		Release|Any CPU = Release|Any CPU
	EndGlobalSection
	GlobalSection(ProjectConfigurationPlatforms) = postSolution
		{89B8FE51-3FD0-4C25-87BA-E0DFC888176C}.Debug|Any CPU.ActiveCfg = Debug|Any CPU
		{89B8FE51-3FD0-4C25-87BA-E0DFC888176C}.Debug|Any CPU.Build.0 = Debug|Any CPU
		{89B8FE51-3FD0-4C25-87BA-E0DFC888176C}.Release|Any CPU.ActiveCfg = Release|Any CPU
		{89B8FE51-3FD0-4C25-87BA-E0DFC888176C}.Release|Any CPU.Build.0 = Release|Any CPU
	EndGlobalSection
	GlobalSection(SolutionProperties) = preSolution
		HideSolutionNode = FALSE
	EndGlobalSection
	GlobalSection(ExtensibilityGlobals) = postSolution
		SolutionGuid = {8A758850-FD82-442F-9A93-2810CC5B70D3}
	EndGlobalSection
EndGlobal
